{
  "version": "2",
  "remote": {
    "https://deno.land/std@0.177.0/fmt/colors.ts": "938c5d44d889fb82eff6c358bea8baa7e85950a16c9f6dae3ec3a7a729164471",
    "https://deno.land/std@0.177.0/testing/_diff.ts": "1a3c044aedf77647d6cac86b798c6417603361b66b54c53331b312caeb447aea",
    "https://deno.land/std@0.177.0/testing/_format.ts": "a69126e8a469009adf4cf2a50af889aca364c349797e63174884a52ff75cf4c7",
    "https://deno.land/std@0.177.0/testing/asserts.ts": "984ab0bfb3faeed92ffaa3a6b06536c66811185328c5dd146257c702c41b01ab",
    "https://deno.land/std@0.178.0/fmt/colors.ts": "938c5d44d889fb82eff6c358bea8baa7e85950a16c9f6dae3ec3a7a729164471",
    "https://deno.land/std@0.178.0/testing/_diff.ts": "1a3c044aedf77647d6cac86b798c6417603361b66b54c53331b312caeb447aea",
    "https://deno.land/std@0.178.0/testing/_format.ts": "a69126e8a469009adf4cf2a50af889aca364c349797e63174884a52ff75cf4c7",
    "https://deno.land/std@0.178.0/testing/asserts.ts": "984ab0bfb3faeed92ffaa3a6b06536c66811185328c5dd146257c702c41b01ab",
    "https://deno.land/std@0.181.0/_util/asserts.ts": "178dfc49a464aee693a7e285567b3d0b555dc805ff490505a8aae34f9cfb1462",
    "https://deno.land/std@0.181.0/crypto/_fnv/fnv32.ts": "e4649dfdefc5c987ed53c3c25db62db771a06d9d1b9c36d2b5cf0853b8e82153",
    "https://deno.land/std@0.181.0/crypto/_fnv/fnv64.ts": "bfa0e4702061fdb490a14e6bf5f9168a22fb022b307c5723499469bfefca555e",
    "https://deno.land/std@0.181.0/crypto/_fnv/mod.ts": "f956a95f58910f223e420340b7404702ecd429603acd4491fa77af84f746040c",
    "https://deno.land/std@0.181.0/crypto/_fnv/util.ts": "accba12bfd80a352e32a872f87df2a195e75561f1b1304a4cb4f5a4648d288f9",
    "https://deno.land/std@0.181.0/crypto/_wasm/lib/deno_std_wasm_crypto.generated.mjs": "bdd70a6183c6bdabc086ec2a5f828c86711b4201f1ba7954fc78385a664e8fae",
    "https://deno.land/std@0.181.0/crypto/_wasm/mod.ts": "e2df88236fc061eac7a89e8cb0b97843f5280b08b2a990e473b7397a3e566003",
    "https://deno.land/std@0.181.0/crypto/crypto.ts": "051d941627f1b6da0d5151d744e6c94658cdf43bfe14621610f0d7268f52b05f",
    "https://deno.land/std@0.181.0/crypto/keystack.ts": "877ab0f19eb7d37ad6495190d3c3e39f58e9c52e0b6a966f82fd6df67ca55f90",
    "https://deno.land/std@0.181.0/crypto/mod.ts": "ae384519e85eca9aeff4e7111ed153df8f3dbda7b35b70850ed4b3e9c8cec4d5",
    "https://deno.land/std@0.181.0/crypto/timing_safe_equal.ts": "0fae34ee02264f309ae0b6e54e9746a7aba3996e5454903ed106967a7a9ef665",
    "https://deno.land/std@0.181.0/crypto/to_hash_string.ts": "6927c768f3e373a1be4a31555a45ccecf7bd413105455cc334ad3f908cfa986f",
    "https://deno.land/std@0.181.0/encoding/base64.ts": "144ae6234c1fbe5b68666c711dc15b1e9ee2aef6d42b3b4345bf9a6c91d70d0d",
    "https://deno.land/std@0.181.0/encoding/base64url.ts": "2ed4ba122b20fedf226c5d337cf22ee2024fa73a8f85d915d442af7e9ce1fae1",
    "https://deno.land/std@0.181.0/encoding/hex.ts": "b4b1a7cb678745b0bf181ed8cf2498c7be00d121a7de244b752fbf9c7d9c48cd",
    "https://esm.sh/@ucast/core@1.10.2": "44af5b0834ef99cb7fea282b92a1c030b40c55dc89e87dc11399b8955b77e97f",
    "https://esm.sh/@ucast/js@3.0.3": "d553196379e12668754e1fb4a2da52f81ea8ae6127e675e47042504cb5c09e13",
    "https://esm.sh/@ucast/mongo@2.4.3": "3eb5caca474f13ef870c5400c045007a7e2fd3d3eb9e82e992628fd3115b17c2",
    "https://esm.sh/v111/@ucast/core@1.10.2/": "44af5b0834ef99cb7fea282b92a1c030b40c55dc89e87dc11399b8955b77e97f",
    "https://esm.sh/v111/@ucast/core@1.10.2/deno/core.js": "7f84818edc6a91d9d891f4f909136705293d4dc3d784e88ed342ef714b0c71d5",
    "https://esm.sh/v111/@ucast/core@1.10.2/dist/types/Condition.d.ts": "7d630f207a66aaa4ad2e3e5e6dac1dc40585ca012ea60cb8ccb292e425882899",
    "https://esm.sh/v111/@ucast/core@1.10.2/dist/types/builder.d.ts": "a8fb8b637aaf979fd5574b60e6e841250dc19420ad4d9e1179a6892e2e0b4353",
    "https://esm.sh/v111/@ucast/core@1.10.2/dist/types/index.d.ts": "7f1b813901654bdc820ee1c2a39a8a82bf2fd262b149ba87e51beaa0d34fc60c",
    "https://esm.sh/v111/@ucast/core@1.10.2/dist/types/interpreter.d.ts": "6c4d98db97a02422a3fc4653b039d7d579778dd4699fb32491f71b4401f4d6fb",
    "https://esm.sh/v111/@ucast/core@1.10.2/dist/types/parsers/ObjectQueryParser.d.ts": "c9f66be9533df863ad56fcc6c36846cebbacd2f7fbca5ee0b75ca5535868226c",
    "https://esm.sh/v111/@ucast/core@1.10.2/dist/types/parsers/defaultInstructionParsers.d.ts": "3ba163227dcf89cdd8508738772345103bf619d607a342a3f542d9fe12966bb5",
    "https://esm.sh/v111/@ucast/core@1.10.2/dist/types/translator.d.ts": "ef1586456d66452b90faaf1ec6a73e3a31120901dccf00d6bdcb27db8669c27d",
    "https://esm.sh/v111/@ucast/core@1.10.2/dist/types/types.d.ts": "4bb78128f73d449827aa500e4c3a5fce57916e3eb332efb007d7cde5a4cbb011",
    "https://esm.sh/v111/@ucast/core@1.10.2/dist/types/utils.d.ts": "0b953f74635bedc466d364ea13b90b4dfe32d7a142e638f8d6e356ffa80b806e",
    "https://esm.sh/v111/@ucast/js@3.0.3/deno/js.js": "8090fa567d2304dd40a3d8e49629604afc4c3787fd7b6164a9c8c9632142243a",
    "https://esm.sh/v111/@ucast/js@3.0.3/dist/types/defaults.d.ts": "0b21edf5153643f4842c6e425c17d45f6dde1d44d38bd961386de563456d4da1",
    "https://esm.sh/v111/@ucast/js@3.0.3/dist/types/index.d.ts": "424a0e7fada1018308ad9022ba988a403ea9cf94d73da06b2f78492e333599d1",
    "https://esm.sh/v111/@ucast/js@3.0.3/dist/types/interpreter.d.ts": "d40dc9c82c5144c01326334a53db493cc8d5c88a2eae6d66c65517217a57933d",
    "https://esm.sh/v111/@ucast/js@3.0.3/dist/types/interpreters.d.ts": "652ce2ff3c3a980e97d52cd24147d81d4aa62adcc365830d1e1615542e724f3c",
    "https://esm.sh/v111/@ucast/js@3.0.3/dist/types/types.d.ts": "b0aa84a124b8645cb8c16248abb84652e3f57ba7ee7c67695425274c46c6fb84",
    "https://esm.sh/v111/@ucast/js@3.0.3/dist/types/utils.d.ts": "105ddc8a49e30120a0f31cb1abaa5ce492d92b659e7e79d6218776b8bb62de37",
    "https://esm.sh/v111/@ucast/mongo@2.4.3/deno/mongo.js": "b83652b95a7c1d9b2d0a36a2e82546659eba3bea4608b61a7e993a46e27d7360",
    "https://esm.sh/v111/@ucast/mongo@2.4.3/dist/types/MongoQueryParser.d.ts": "d2b9b25f266559d81acda386325e6109073d621bb8db5efa3c91a8a165854d93",
    "https://esm.sh/v111/@ucast/mongo@2.4.3/dist/types/index.d.ts": "d52d6f51e0b0627830146c72d70ab4e01987fe7aba1b82fe1107de3edce1162e",
    "https://esm.sh/v111/@ucast/mongo@2.4.3/dist/types/instructions.d.ts": "905ac9912441149c7468f698c3903b0fa6e85babce20e98936ce986b38adee45",
    "https://esm.sh/v111/@ucast/mongo@2.4.3/dist/types/types.d.ts": "cbd13d3716f0075e8b9af84d510438d189a306463114a10080da44c5e26e02ae"
  }
}
